
Microsoft Visual Studio Solution File, Format Version 12.00
# Visual Studio Version 16
VisualStudioVersion = 16.0.31321.278
MinimumVisualStudioVersion = 10.0.40219.1
Project("{FAE04EC0-301F-11D3-BF4B-00C04F79EFBC}") = "StoreStats.Data", "StoreStats.Data\StoreStats.Data.csproj", "{88295002-0601-4CA5-9DC2-6D084904F50C}"
EndProject
Project("{FAE04EC0-301F-11D3-BF4B-00C04F79EFBC}") = "StoreStats.Test", "StoreStats.Test\StoreStats.Test.csproj", "{4C76C885-E98A-4CDD-A001-543BEC328EEF}"
EndProject
Project("{FAE04EC0-301F-11D3-BF4B-00C04F79EFBC}") = "StoreStats.API", "StoreStats.API\StoreStats.API.csproj", "{6696F99B-3827-447A-9BAE-9DA6AAD15B0D}"
EndProject
Global
	GlobalSection(SolutionConfigurationPlatforms) = preSolution
		Debug|Any CPU = Debug|Any CPU
		Release|Any CPU = Release|Any CPU
	EndGlobalSection
	GlobalSection(ProjectConfigurationPlatforms) = postSolution
		{88295002-0601-4CA5-9DC2-6D084904F50C}.Debug|Any CPU.ActiveCfg = Debug|Any CPU
		{88295002-0601-4CA5-9DC2-6D084904F50C}.Debug|Any CPU.Build.0 = Debug|Any CPU
		{88295002-0601-4CA5-9DC2-6D084904F50C}.Release|Any CPU.ActiveCfg = Release|Any CPU
		{88295002-0601-4CA5-9DC2-6D084904F50C}.Release|Any CPU.Build.0 = Release|Any CPU
		{4C76C885-E98A-4CDD-A001-543BEC328EEF}.Debug|Any CPU.ActiveCfg = Debug|Any CPU
		{4C76C885-E98A-4CDD-A001-543BEC328EEF}.Debug|Any CPU.Build.0 = Debug|Any CPU
		{4C76C885-E98A-4CDD-A001-543BEC328EEF}.Release|Any CPU.ActiveCfg = Release|Any CPU
		{4C76C885-E98A-4CDD-A001-543BEC328EEF}.Release|Any CPU.Build.0 = Release|Any CPU
		{6696F99B-3827-447A-9BAE-9DA6AAD15B0D}.Debug|Any CPU.ActiveCfg = Debug|Any CPU
		{6696F99B-3827-447A-9BAE-9DA6AAD15B0D}.Debug|Any CPU.Build.0 = Debug|Any CPU
		{6696F99B-3827-447A-9BAE-9DA6AAD15B0D}.Release|Any CPU.ActiveCfg = Release|Any CPU
		{6696F99B-3827-447A-9BAE-9DA6AAD15B0D}.Release|Any CPU.Build.0 = Release|Any CPU
	EndGlobalSection
	GlobalSection(SolutionProperties) = preSolution
		HideSolutionNode = FALSE
	EndGlobalSection
	GlobalSection(ExtensibilityGlobals) = postSolution
		SolutionGuid = {30300EBF-D5DB-47D4-8839-80FBF817BD43}
	EndGlobalSection
EndGlobal
